
Microsoft Visual Studio Solution File, Format Version 12.00
# Visual Studio Version 16
VisualStudioVersion = 16.0.30611.23
MinimumVisualStudioVersion = 10.0.40219.1
Project("{FAE04EC0-301F-11D3-BF4B-00C04F79EFBC}") = "LicensePlateValidator", "LicensePlateValidator.csproj", "{DFB423BF-509B-4C5B-87A6-3101F28268D9}"
EndProject
Global
	GlobalSection(SolutionConfigurationPlatforms) = preSolution
		Debug|Any CPU = Debug|Any CPU
		Release|Any CPU = Release|Any CPU
	EndGlobalSection
	GlobalSection(ProjectConfigurationPlatforms) = postSolution
		{DFB423BF-509B-4C5B-87A6-3101F28268D9}.Debug|Any CPU.ActiveCfg = Debug|Any CPU
		{DFB423BF-509B-4C5B-87A6-3101F28268D9}.Debug|Any CPU.Build.0 = Debug|Any CPU
		{DFB423BF-509B-4C5B-87A6-3101F28268D9}.Release|Any CPU.ActiveCfg = Release|Any CPU
		{DFB423BF-509B-4C5B-87A6-3101F28268D9}.Release|Any CPU.Build.0 = Release|Any CPU
	EndGlobalSection
	GlobalSection(SolutionProperties) = preSolution
		HideSolutionNode = FALSE
	EndGlobalSection
	GlobalSection(ExtensibilityGlobals) = postSolution
		SolutionGuid = {4557DA9D-71BD-4BC1-9159-8DBC77513D71}
	EndGlobalSection
EndGlobal
